// !$*UTF8*$!
{
	archiveVersion = 1;
	classes = {
	};
	objectVersion = 50;
	objects = {

/* Begin PBXBuildFile section */
		2D12245A2083AEA400B9BF75 /* AppDelegate.swift in Sources */ = {isa = PBXBuildFile; fileRef = 2D1224592083AEA400B9BF75 /* AppDelegate.swift */; };
		2D12245C2083AEA400B9BF75 /* DocumentBrowserViewController.swift in Sources */ = {isa = PBXBuildFile; fileRef = 2D12245B2083AEA400B9BF75 /* DocumentBrowserViewController.swift */; };
		2D12245E2083AEA400B9BF75 /* DocumentViewController.swift in Sources */ = {isa = PBXBuildFile; fileRef = 2D12245D2083AEA400B9BF75 /* DocumentViewController.swift */; };
		2D1224602083AEA400B9BF75 /* Document.swift in Sources */ = {isa = PBXBuildFile; fileRef = 2D12245F2083AEA400B9BF75 /* Document.swift */; };
		2D1224632083AEA400B9BF75 /* Main.storyboard in Resources */ = {isa = PBXBuildFile; fileRef = 2D1224612083AEA400B9BF75 /* Main.storyboard */; };
		2D1224652083AEA700B9BF75 /* Assets.xcassets in Resources */ = {isa = PBXBuildFile; fileRef = 2D1224642083AEA700B9BF75 /* Assets.xcassets */; };
		2D1224682083AEA700B9BF75 /* LaunchScreen.storyboard in Resources */ = {isa = PBXBuildFile; fileRef = 2D1224662083AEA700B9BF75 /* LaunchScreen.storyboard */; };
		2D1224732083AEA700B9BF75 /* DocumentBrowserTests.swift in Sources */ = {isa = PBXBuildFile; fileRef = 2D1224722083AEA700B9BF75 /* DocumentBrowserTests.swift */; };
		2D12247E2083B0E800B9BF75 /* template.txt in Resources */ = {isa = PBXBuildFile; fileRef = 2D12247D2083B0E800B9BF75 /* template.txt */; };
/* End PBXBuildFile section */

/* Begin PBXContainerItemProxy section */
		2D12246F2083AEA700B9BF75 /* PBXContainerItemProxy */ = {
			isa = PBXContainerItemProxy;
			containerPortal = 2D12244E2083AEA400B9BF75 /* Project object */;
			proxyType = 1;
			remoteGlobalIDString = 2D1224552083AEA400B9BF75;
			remoteInfo = DocumentBrowser;
		};
/* End PBXContainerItemProxy section */

/* Begin PBXFileReference section */
		2D1224562083AEA400B9BF75 /* DocumentBrowser.app */ = {isa = PBXFileReference; explicitFileType = wrapper.application; includeInIndex = 0; path = DocumentBrowser.app; sourceTree = BUILT_PRODUCTS_DIR; };
		2D1224592083AEA400B9BF75 /* AppDelegate.swift */ = {isa = PBXFileReference; lastKnownFileType = sourcecode.swift; path = AppDelegate.swift; sourceTree = "<group>"; };
		2D12245B2083AEA400B9BF75 /* DocumentBrowserViewController.swift */ = {isa = PBXFileReference; lastKnownFileType = sourcecode.swift; path = DocumentBrowserViewController.swift; sourceTree = "<group>"; };
		2D12245D2083AEA400B9BF75 /* DocumentViewController.swift */ = {isa = PBXFileReference; lastKnownFileType = sourcecode.swift; path = DocumentViewController.swift; sourceTree = "<group>"; };
		2D12245F2083AEA400B9BF75 /* Document.swift */ = {isa = PBXFileReference; lastKnownFileType = sourcecode.swift; path = Document.swift; sourceTree = "<group>"; };
		2D1224622083AEA400B9BF75 /* Base */ = {isa = PBXFileReference; lastKnownFileType = file.storyboard; name = Base; path = Base.lproj/Main.storyboard; sourceTree = "<group>"; };
		2D1224642083AEA700B9BF75 /* Assets.xcassets */ = {isa = PBXFileReference; lastKnownFileType = folder.assetcatalog; path = Assets.xcassets; sourceTree = "<group>"; };
		2D1224672083AEA700B9BF75 /* Base */ = {isa = PBXFileReference; lastKnownFileType = file.storyboard; name = Base; path = Base.lproj/LaunchScreen.storyboard; sourceTree = "<group>"; };
		2D1224692083AEA700B9BF75 /* Info.plist */ = {isa = PBXFileReference; lastKnownFileType = text.plist.xml; path = Info.plist; sourceTree = "<group>"; };
		2D12246E2083AEA700B9BF75 /* DocumentBrowserTests.xctest */ = {isa = PBXFileReference; explicitFileType = wrapper.cfbundle; includeInIndex = 0; path = DocumentBrowserTests.xctest; sourceTree = BUILT_PRODUCTS_DIR; };
		2D1224722083AEA700B9BF75 /* DocumentBrowserTests.swift */ = {isa = PBXFileReference; lastKnownFileType = sourcecode.swift; path = DocumentBrowserTests.swift; sourceTree = "<group>"; };
		2D1224742083AEA700B9BF75 /* Info.plist */ = {isa = PBXFileReference; lastKnownFileType = text.plist.xml; path = Info.plist; sourceTree = "<group>"; };
		2D12247D2083B0E800B9BF75 /* template.txt */ = {isa = PBXFileReference; lastKnownFileType = text; path = template.txt; sourceTree = "<group>"; };
/* End PBXFileReference section */

/* Begin PBXFrameworksBuildPhase section */
		2D1224532083AEA400B9BF75 /* Frameworks */ = {
			isa = PBXFrameworksBuildPhase;
			buildActionMask = 2147483647;
			files = (
			);
			runOnlyForDeploymentPostprocessing = 0;
		};
		2D12246B2083AEA700B9BF75 /* Frameworks */ = {
			isa = PBXFrameworksBuildPhase;
			buildActionMask = 2147483647;
			files = (
			);
			runOnlyForDeploymentPostprocessing = 0;
		};
/* End PBXFrameworksBuildPhase section */

/* Begin PBXGroup section */
		2D12244D2083AEA400B9BF75 = {
			isa = PBXGroup;
			children = (
				2D12247D2083B0E800B9BF75 /* template.txt */,
				2D1224582083AEA400B9BF75 /* DocumentBrowser */,
				2D1224712083AEA700B9BF75 /* DocumentBrowserTests */,
				2D1224572083AEA400B9BF75 /* Products */,
			);
			sourceTree = "<group>";
		};
		2D1224572083AEA400B9BF75 /* Products */ = {
			isa = PBXGroup;
			children = (
				2D1224562083AEA400B9BF75 /* DocumentBrowser.app */,
				2D12246E2083AEA700B9BF75 /* DocumentBrowserTests.xctest */,
			);
			name = Products;
			sourceTree = "<group>";
		};
		2D1224582083AEA400B9BF75 /* DocumentBrowser */ = {
			isa = PBXGroup;
			children = (
				2D1224592083AEA400B9BF75 /* AppDelegate.swift */,
				2D12245B2083AEA400B9BF75 /* DocumentBrowserViewController.swift */,
				2D12245D2083AEA400B9BF75 /* DocumentViewController.swift */,
				2D12245F2083AEA400B9BF75 /* Document.swift */,
				2D1224612083AEA400B9BF75 /* Main.storyboard */,
				2D1224642083AEA700B9BF75 /* Assets.xcassets */,
				2D1224662083AEA700B9BF75 /* LaunchScreen.storyboard */,
				2D1224692083AEA700B9BF75 /* Info.plist */,
			);
			path = DocumentBrowser;
			sourceTree = "<group>";
		};
		2D1224712083AEA700B9BF75 /* DocumentBrowserTests */ = {
			isa = PBXGroup;
			children = (
				2D1224722083AEA700B9BF75 /* DocumentBrowserTests.swift */,
				2D1224742083AEA700B9BF75 /* Info.plist */,
			);
			path = DocumentBrowserTests;
			sourceTree = "<group>";
		};
/* End PBXGroup section */

/* Begin PBXNativeTarget section */
		2D1224552083AEA400B9BF75 /* DocumentBrowser */ = {
			isa = PBXNativeTarget;
			buildConfigurationList = 2D1224772083AEA700B9BF75 /* Build configuration list for PBXNativeTarget "DocumentBrowser" */;
			buildPhases = (
				2D1224522083AEA400B9BF75 /* Sources */,
				2D1224532083AEA400B9BF75 /* Frameworks */,
				2D1224542083AEA400B9BF75 /* Resources */,
			);
			buildRules = (
			);
			dependencies = (
			);
			name = DocumentBrowser;
			productName = DocumentBrowser;
			productReference = 2D1224562083AEA400B9BF75 /* DocumentBrowser.app */;
			productType = "com.apple.product-type.application";
		};
		2D12246D2083AEA700B9BF75 /* DocumentBrowserTests */ = {
			isa = PBXNativeTarget;
			buildConfigurationList = 2D12247A2083AEA700B9BF75 /* Build configuration list for PBXNativeTarget "DocumentBrowserTests" */;
			buildPhases = (
				2D12246A2083AEA700B9BF75 /* Sources */,
				2D12246B2083AEA700B9BF75 /* Frameworks */,
				2D12246C2083AEA700B9BF75 /* Resources */,
			);
			buildRules = (
			);
			dependencies = (
				2D1224702083AEA700B9BF75 /* PBXTargetDependency */,
			);
			name = DocumentBrowserTests;
			productName = DocumentBrowserTests;
			productReference = 2D12246E2083AEA700B9BF75 /* DocumentBrowserTests.xctest */;
			productType = "com.apple.product-type.bundle.unit-test";
		};
/* End PBXNativeTarget section */

/* Begin PBXProject section */
		2D12244E2083AEA400B9BF75 /* Project object */ = {
			isa = PBXProject;
			attributes = {
				LastSwiftUpdateCheck = 0930;
				LastUpgradeCheck = 0930;
				ORGANIZATIONNAME = "Douglas Alexander";
				TargetAttributes = {
					2D1224552083AEA400B9BF75 = {
						CreatedOnToolsVersion = 9.3;
					};
					2D12246D2083AEA700B9BF75 = {
						CreatedOnToolsVersion = 9.3;
						TestTargetID = 2D1224552083AEA400B9BF75;
					};
				};
			};
			buildConfigurationList = 2D1224512083AEA400B9BF75 /* Build configuration list for PBXProject "DocumentBrowser" */;
			compatibilityVersion = "Xcode 9.3";
			developmentRegion = en;
			hasScannedForEncodings = 0;
			knownRegions = (
				en,
				Base,
			);
			mainGroup = 2D12244D2083AEA400B9BF75;
			productRefGroup = 2D1224572083AEA400B9BF75 /* Products */;
			projectDirPath = "";
			projectRoot = "";
			targets = (
				2D1224552083AEA400B9BF75 /* DocumentBrowser */,
				2D12246D2083AEA700B9BF75 /* DocumentBrowserTests */,
			);
		};
/* End PBXProject section */

/* Begin PBXResourcesBuildPhase section */
		2D1224542083AEA400B9BF75 /* Resources */ = {
			isa = PBXResourcesBuildPhase;
			buildActionMask = 2147483647;
			files = (
				2D1224682083AEA700B9BF75 /* LaunchScreen.storyboard in Resources */,
				2D1224652083AEA700B9BF75 /* Assets.xcassets in Resources */,
				2D12247E2083B0E800B9BF75 /* template.txt in Resources */,
				2D1224632083AEA400B9BF75 /* Main.storyboard in Resources */,
			);
			runOnlyForDeploymentPostprocessing = 0;
		};
		2D12246C2083AEA700B9BF75 /* Resources */ = {
			isa = PBXResourcesBuildPhase;
			buildActionMask = 2147483647;
			files = (
			);
			runOnlyForDeploymentPostprocessing = 0;
		};
/* End PBXResourcesBuildPhase section */

/* Begin PBXSourcesBuildPhase section */
		2D1224522083AEA400B9BF75 /* Sources */ = {
			isa = PBXSourcesBuildPhase;
			buildActionMask = 2147483647;
			files = (
				2D1224602083AEA400B9BF75 /* Document.swift in Sources */,
				2D12245E2083AEA400B9BF75 /* DocumentViewController.swift in Sources */,
				2D12245C2083AEA400B9BF75 /* DocumentBrowserViewController.swift in Sources */,
				2D12245A2083AEA400B9BF75 /* AppDelegate.swift in Sources */,
			);
			runOnlyForDeploymentPostprocessing = 0;
		};
		2D12246A2083AEA700B9BF75 /* Sources */ = {
			isa = PBXSourcesBuildPhase;
			buildActionMask = 2147483647;
			files = (
				2D1224732083AEA700B9BF75 /* DocumentBrowserTests.swift in Sources */,
			);
			runOnlyForDeploymentPostprocessing = 0;
		};
/* End PBXSourcesBuildPhase section */

/* Begin PBXTargetDependency section */
		2D1224702083AEA700B9BF75 /* PBXTargetDependency */ = {
			isa = PBXTargetDependency;
			target = 2D1224552083AEA400B9BF75 /* DocumentBrowser */;
			targetProxy = 2D12246F2083AEA700B9BF75 /* PBXContainerItemProxy */;
		};
/* End PBXTargetDependency section */

/* Begin PBXVariantGroup section */
		2D1224612083AEA400B9BF75 /* Main.storyboard */ = {
			isa = PBXVariantGroup;
			children = (
				2D1224622083AEA400B9BF75 /* Base */,
			);
			name = Main.storyboard;
			sourceTree = "<group>";
		};
		2D1224662083AEA700B9BF75 /* LaunchScreen.storyboard */ = {
			isa = PBXVariantGroup;
			children = (
				2D1224672083AEA700B9BF75 /* Base */,
			);
			name = LaunchScreen.storyboard;
			sourceTree = "<group>";
		};
/* End PBXVariantGroup section */

/* Begin XCBuildConfiguration section */
		2D1224752083AEA700B9BF75 /* Debug */ = {
			isa = XCBuildConfiguration;
			buildSettings = {
				ALWAYS_SEARCH_USER_PATHS = NO;
				CLANG_ANALYZER_NONNULL = YES;
				CLANG_ANALYZER_NUMBER_OBJECT_CONVERSION = YES_AGGRESSIVE;
				CLANG_CXX_LANGUAGE_STANDARD = "gnu++14";
				CLANG_CXX_LIBRARY = "libc++";
				CLANG_ENABLE_MODULES = YES;
				CLANG_ENABLE_OBJC_ARC = YES;
				CLANG_ENABLE_OBJC_WEAK = YES;
				CLANG_WARN_BLOCK_CAPTURE_AUTORELEASING = YES;
				CLANG_WARN_BOOL_CONVERSION = YES;
				CLANG_WARN_COMMA = YES;
				CLANG_WARN_CONSTANT_CONVERSION = YES;
				CLANG_WARN_DEPRECATED_OBJC_IMPLEMENTATIONS = YES;
				CLANG_WARN_DIRECT_OBJC_ISA_USAGE = YES_ERROR;
				CLANG_WARN_DOCUMENTATION_COMMENTS = YES;
				CLANG_WARN_EMPTY_BODY = YES;
				CLANG_WARN_ENUM_CONVERSION = YES;
				CLANG_WARN_INFINITE_RECURSION = YES;
				CLANG_WARN_INT_CONVERSION = YES;
				CLANG_WARN_NON_LITERAL_NULL_CONVERSION = YES;
				CLANG_WARN_OBJC_IMPLICIT_RETAIN_SELF = YES;
				CLANG_WARN_OBJC_LITERAL_CONVERSION = YES;
				CLANG_WARN_OBJC_ROOT_CLASS = YES_ERROR;
				CLANG_WARN_RANGE_LOOP_ANALYSIS = YES;
				CLANG_WARN_STRICT_PROTOTYPES = YES;
				CLANG_WARN_SUSPICIOUS_MOVE = YES;
				CLANG_WARN_UNGUARDED_AVAILABILITY = YES_AGGRESSIVE;
				CLANG_WARN_UNREACHABLE_CODE = YES;
				CLANG_WARN__DUPLICATE_METHOD_MATCH = YES;
				CODE_SIGN_IDENTITY = "iPhone Developer";
				COPY_PHASE_STRIP = NO;
				DEBUG_INFORMATION_FORMAT = dwarf;
				ENABLE_STRICT_OBJC_MSGSEND = YES;
				ENABLE_TESTABILITY = YES;
				GCC_C_LANGUAGE_STANDARD = gnu11;
				GCC_DYNAMIC_NO_PIC = NO;
				GCC_NO_COMMON_BLOCKS = YES;
				GCC_OPTIMIZATION_LEVEL = 0;
				GCC_PREPROCESSOR_DEFINITIONS = (
					"DEBUG=1",
					"$(inherited)",
				);
				GCC_WARN_64_TO_32_BIT_CONVERSION = YES;
				GCC_WARN_ABOUT_RETURN_TYPE = YES_ERROR;
				GCC_WARN_UNDECLARED_SELECTOR = YES;
				GCC_WARN_UNINITIALIZED_AUTOS = YES_AGGRESSIVE;
				GCC_WARN_UNUSED_FUNCTION = YES;
				GCC_WARN_UNUSED_VARIABLE = YES;
				IPHONEOS_DEPLOYMENT_TARGET = 11.3;
				MTL_ENABLE_DEBUG_INFO = YES;
				ONLY_ACTIVE_ARCH = YES;
				SDKROOT = iphoneos;
				SWIFT_ACTIVE_COMPILATION_CONDITIONS = DEBUG;
				SWIFT_OPTIMIZATION_LEVEL = "-Onone";
			};
			name = Debug;
		};
		2D1224762083AEA700B9BF75 /* Release */ = {
			isa = XCBuildConfiguration;
			buildSettings = {
				ALWAYS_SEARCH_USER_PATHS = NO;
				CLANG_ANALYZER_NONNULL = YES;
				CLANG_ANALYZER_NUMBER_OBJECT_CONVERSION = YES_AGGRESSIVE;
				CLANG_CXX_LANGUAGE_STANDARD = "gnu++14";
				CLANG_CXX_LIBRARY = "libc++";
				CLANG_ENABLE_MODULES = YES;
				CLANG_ENABLE_OBJC_ARC = YES;
				CLANG_ENABLE_OBJC_WEAK = YES;
				CLANG_WARN_BLOCK_CAPTURE_AUTORELEASING = YES;
				CLANG_WARN_BOOL_CONVERSION = YES;
				CLANG_WARN_COMMA = YES;
				CLANG_WARN_CONSTANT_CONVERSION = YES;
				CLANG_WARN_DEPRECATED_OBJC_IMPLEMENTATIONS = YES;
				CLANG_WARN_DIRECT_OBJC_ISA_USAGE = YES_ERROR;
				CLANG_WARN_DOCUMENTATION_COMMENTS = YES;
				CLANG_WARN_EMPTY_BODY = YES;
				CLANG_WARN_ENUM_CONVERSION = YES;
				CLANG_WARN_INFINITE_RECURSION = YES;
				CLANG_WARN_INT_CONVERSION = YES;
				CLANG_WARN_NON_LITERAL_NULL_CONVERSION = YES;
				CLANG_WARN_OBJC_IMPLICIT_RETAIN_SELF = YES;
				CLANG_WARN_OBJC_LITERAL_CONVERSION = YES;
				CLANG_WARN_OBJC_ROOT_CLASS = YES_ERROR;
				CLANG_WARN_RANGE_LOOP_ANALYSIS = YES;
				CLANG_WARN_STRICT_PROTOTYPES = YES;
				CLANG_WARN_SUSPICIOUS_MOVE = YES;
				CLANG_WARN_UNGUARDED_AVAILABILITY = YES_AGGRESSIVE;
				CLANG_WARN_UNREACHABLE_CODE = YES;
				CLANG_WARN__DUPLICATE_METHOD_MATCH = YES;
				CODE_SIGN_IDENTITY = "iPhone Developer";
				COPY_PHASE_STRIP = NO;
				DEBUG_INFORMATION_FORMAT = "dwarf-with-dsym";
				ENABLE_NS_ASSERTIONS = NO;
				ENABLE_STRICT_OBJC_MSGSEND = YES;
				GCC_C_LANGUAGE_STANDARD = gnu11;
				GCC_NO_COMMON_BLOCKS = YES;
				GCC_WARN_64_TO_32_BIT_CONVERSION = YES;
				GCC_WARN_ABOUT_RETURN_TYPE = YES_ERROR;
				GCC_WARN_UNDECLARED_SELECTOR = YES;
				GCC_WARN_UNINITIALIZED_AUTOS = YES_AGGRESSIVE;
				GCC_WARN_UNUSED_FUNCTION = YES;
				GCC_WARN_UNUSED_VARIABLE = YES;
				IPHONEOS_DEPLOYMENT_TARGET = 11.3;
				MTL_ENABLE_DEBUG_INFO = NO;
				SDKROOT = iphoneos;
				SWIFT_COMPILATION_MODE = wholemodule;
				SWIFT_OPTIMIZATION_LEVEL = "-O";
				VALIDATE_PRODUCT = YES;
			};
			name = Release;
		};
		2D1224782083AEA700B9BF75 /* Debug */ = {
			isa = XCBuildConfiguration;
			buildSettings = {
				ASSETCATALOG_COMPILER_APPICON_NAME = AppIcon;
				CODE_SIGN_STYLE = Automatic;
				DEVELOPMENT_TEAM = V6969S7D62;
				INFOPLIST_FILE = DocumentBrowser/Info.plist;
				LD_RUNPATH_SEARCH_PATHS = (
					"$(inherited)",
					"@executable_path/Frameworks",
				);
				PRODUCT_BUNDLE_IDENTIFIER = com.gwc.DocumentBrowser;
				PRODUCT_NAME = "$(TARGET_NAME)";
				SWIFT_VERSION = 4.0;
				TARGETED_DEVICE_FAMILY = "1,2";
			};
			name = Debug;
		};
		2D1224792083AEA700B9BF75 /* Release */ = {
			isa = XCBuildConfiguration;
			buildSettings = {
				ASSETCATALOG_COMPILER_APPICON_NAME = AppIcon;
				CODE_SIGN_STYLE = Automatic;
				DEVELOPMENT_TEAM = V6969S7D62;
				INFOPLIST_FILE = DocumentBrowser/Info.plist;
				LD_RUNPATH_SEARCH_PATHS = (
					"$(inherited)",
					"@executable_path/Frameworks",
				);
				PRODUCT_BUNDLE_IDENTIFIER = com.gwc.DocumentBrowser;
				PRODUCT_NAME = "$(TARGET_NAME)";
				SWIFT_VERSION = 4.0;
				TARGETED_DEVICE_FAMILY = "1,2";
			};
			name = Release;
		};
		2D12247B2083AEA700B9BF75 /* Debug */ = {
			isa = XCBuildConfiguration;
			buildSettings = {
				ALWAYS_EMBED_SWIFT_STANDARD_LIBRARIES = YES;
				BUNDLE_LOADER = "$(TEST_HOST)";
				CODE_SIGN_STYLE = Automatic;
				DEVELOPMENT_TEAM = V6969S7D62;
				INFOPLIST_FILE = DocumentBrowserTests/Info.plist;
				LD_RUNPATH_SEARCH_PATHS = (
					"$(inherited)",
					"@executable_path/Frameworks",
					"@loader_path/Frameworks",
				);
				PRODUCT_BUNDLE_IDENTIFIER = com.gwc.DocumentBrowserTests;
				PRODUCT_NAME = "$(TARGET_NAME)";
				SWIFT_VERSION = 4.0;
				TARGETED_DEVICE_FAMILY = "1,2";
				TEST_HOST = "$(BUILT_PRODUCTS_DIR)/DocumentBrowser.app/DocumentBrowser";
			};
			name = Debug;
		};
		2D12247C2083AEA700B9BF75 /* Release */ = {
			isa = XCBuildConfiguration;
			buildSettings = {
				ALWAYS_EMBED_SWIFT_STANDARD_LIBRARIES = YES;
				BUNDLE_LOADER = "$(TEST_HOST)";
				CODE_SIGN_STYLE = Automatic;
				DEVELOPMENT_TEAM = V6969S7D62;
				INFOPLIST_FILE = DocumentBrowserTests/Info.plist;
				LD_RUNPATH_SEARCH_PATHS = (
					"$(inherited)",
					"@executable_path/Frameworks",
					"@loader_path/Frameworks",
				);
				PRODUCT_BUNDLE_IDENTIFIER = com.gwc.DocumentBrowserTests;
				PRODUCT_NAME = "$(TARGET_NAME)";
				SWIFT_VERSION = 4.0;
				TARGETED_DEVICE_FAMILY = "1,2";
				TEST_HOST = "$(BUILT_PRODUCTS_DIR)/DocumentBrowser.app/DocumentBrowser";
			};
			name = Release;
		};
/* End XCBuildConfiguration section */

/* Begin XCConfigurationList section */
		2D1224512083AEA400B9BF75 /* Build configuration list for PBXProject "DocumentBrowser" */ = {
			isa = XCConfigurationList;
			buildConfigurations = (
				2D1224752083AEA700B9BF75 /* Debug */,
				2D1224762083AEA700B9BF75 /* Release */,
			);
			defaultConfigurationIsVisible = 0;
			defaultConfigurationName = Release;
		};
		2D1224772083AEA700B9BF75 /* Build configuration list for PBXNativeTarget "DocumentBrowser" */ = {
			isa = XCConfigurationList;
			buildConfigurations = (
				2D1224782083AEA700B9BF75 /* Debug */,
				2D1224792083AEA700B9BF75 /* Release */,
			);
			defaultConfigurationIsVisible = 0;
			defaultConfigurationName = Release;
		};
		2D12247A2083AEA700B9BF75 /* Build configuration list for PBXNativeTarget "DocumentBrowserTests" */ = {
			isa = XCConfigurationList;
			buildConfigurations = (
				2D12247B2083AEA700B9BF75 /* Debug */,
				2D12247C2083AEA700B9BF75 /* Release */,
			);
			defaultConfigurationIsVisible = 0;
			defaultConfigurationName = Release;
		};
/* End XCConfigurationList section */
	};
	rootObject = 2D12244E2083AEA400B9BF75 /* Project object */;
}
